
Microsoft Visual Studio Solution File, Format Version 12.00
# Visual Studio Version 16
VisualStudioVersion = 16.0.30523.141
MinimumVisualStudioVersion = 10.0.40219.1
Project("{8BC9CEB8-8B4A-11D0-8D11-00A0C91BC942}") = "Text-Adventure", "Text-Adventure\Text-Adventure.vcxproj", "{E98BD1A3-2AC6-475A-B756-5E156F728CD0}"
EndProject
Global
	GlobalSection(SolutionConfigurationPlatforms) = preSolution
		Debug|x64 = Debug|x64
		Debug|x86 = Debug|x86
		Release|x64 = Release|x64
		Release|x86 = Release|x86
	EndGlobalSection
	GlobalSection(ProjectConfigurationPlatforms) = postSolution
		{E98BD1A3-2AC6-475A-B756-5E156F728CD0}.Debug|x64.ActiveCfg = Debug|x64
		{E98BD1A3-2AC6-475A-B756-5E156F728CD0}.Debug|x64.Build.0 = Debug|x64
		{E98BD1A3-2AC6-475A-B756-5E156F728CD0}.Debug|x86.ActiveCfg = Debug|Win32
		{E98BD1A3-2AC6-475A-B756-5E156F728CD0}.Debug|x86.Build.0 = Debug|Win32
		{E98BD1A3-2AC6-475A-B756-5E156F728CD0}.Release|x64.ActiveCfg = Release|x64
		{E98BD1A3-2AC6-475A-B756-5E156F728CD0}.Release|x64.Build.0 = Release|x64
		{E98BD1A3-2AC6-475A-B756-5E156F728CD0}.Release|x86.ActiveCfg = Release|Win32
		{E98BD1A3-2AC6-475A-B756-5E156F728CD0}.Release|x86.Build.0 = Release|Win32
	EndGlobalSection
	GlobalSection(SolutionProperties) = preSolution
		HideSolutionNode = FALSE
	EndGlobalSection
	GlobalSection(ExtensibilityGlobals) = postSolution
		SolutionGuid = {A02901AD-89D4-4D15-9E8A-80781AFB725F}
	EndGlobalSection
EndGlobal
